{
    "name": "avail-js-docs",
    "version": "0.0.1",
    "lockfileVersion": 3,
    "requires": true,
    "packages": {
        "": {
            "name": "avail-js-docs",
            "version": "0.0.1",
            "dependencies": {
                "avail-js-sdk": "^0.3.0"
            }
        },
        "node_modules/@noble/curves": {
            "version": "1.7.0",
            "resolved": "https://registry.npmjs.org/@noble/curves/-/curves-1.7.0.tgz",
            "integrity": "sha512-UTMhXK9SeDhFJVrHeUJ5uZlI6ajXg10O6Ddocf9S6GjbSBVZsJo88HzKwXznNfGpMTRDyJkqMjNDPYgf0qFWnw==",
            "license": "MIT",
            "dependencies": {
                "@noble/hashes": "1.6.0"
            },
            "engines": {
                "node": "^14.21.3 || >=16"
            },
            "funding": {
                "url": "https://paulmillr.com/funding/"
            }
        },
        "node_modules/@noble/curves/node_modules/@noble/hashes": {
            "version": "1.6.0",
            "resolved": "https://registry.npmjs.org/@noble/hashes/-/hashes-1.6.0.tgz",
            "integrity": "sha512-YUULf0Uk4/mAA89w+k3+yUYh6NrEvxZa5T6SY3wlMvE2chHkxFUUIDI8/XW1QSC357iA5pSnqt7XEhvFOqmDyQ==",
            "license": "MIT",
            "engines": {
                "node": "^14.21.3 || >=16"
            },
            "funding": {
                "url": "https://paulmillr.com/funding/"
            }
        },
        "node_modules/@noble/hashes": {
            "version": "1.6.1",
            "resolved": "https://registry.npmjs.org/@noble/hashes/-/hashes-1.6.1.tgz",
            "integrity": "sha512-pq5D8h10hHBjyqX+cfBm0i8JUXJ0UhczFc4r74zbuT9XgewFo2E3J1cOaGtdZynILNmQ685YWGzGE1Zv6io50w==",
            "license": "MIT",
            "engines": {
                "node": "^14.21.3 || >=16"
            },
            "funding": {
                "url": "https://paulmillr.com/funding/"
            }
        },
        "node_modules/@polkadot-api/client": {
            "version": "0.0.1-492c132563ea6b40ae1fc5470dec4cd18768d182.1.0",
            "resolved": "https://registry.npmjs.org/@polkadot-api/client/-/client-0.0.1-492c132563ea6b40ae1fc5470dec4cd18768d182.1.0.tgz",
            "integrity": "sha512-0fqK6pUKcGHSG2pBvY+gfSS+1mMdjd/qRygAcKI5d05tKsnZLRnmhb9laDguKmGEIB0Bz9vQqNK3gIN/cfvVwg==",
            "license": "MIT",
            "optional": true,
            "dependencies": {
                "@polkadot-api/metadata-builders": "0.0.1-492c132563ea6b40ae1fc5470dec4cd18768d182.1.0",
                "@polkadot-api/substrate-bindings": "0.0.1-492c132563ea6b40ae1fc5470dec4cd18768d182.1.0",
                "@polkadot-api/substrate-client": "0.0.1-492c132563ea6b40ae1fc5470dec4cd18768d182.1.0",
                "@polkadot-api/utils": "0.0.1-492c132563ea6b40ae1fc5470dec4cd18768d182.1.0"
            },
            "peerDependencies": {
                "rxjs": ">=7.8.0"
            }
        },
        "node_modules/@polkadot-api/json-rpc-provider": {
            "version": "0.0.1-492c132563ea6b40ae1fc5470dec4cd18768d182.1.0",
            "resolved": "https://registry.npmjs.org/@polkadot-api/json-rpc-provider/-/json-rpc-provider-0.0.1-492c132563ea6b40ae1fc5470dec4cd18768d182.1.0.tgz",
            "integrity": "sha512-EaUS9Fc3wsiUr6ZS43PQqaRScW7kM6DYbuM/ou0aYjm8N9MBqgDbGm2oL6RE1vAVmOfEuHcXZuZkhzWtyvQUtA==",
            "license": "MIT",
            "optional": true
        },
        "node_modules/@polkadot-api/json-rpc-provider-proxy": {
            "version": "0.0.1-492c132563ea6b40ae1fc5470dec4cd18768d182.1.0",
            "resolved": "https://registry.npmjs.org/@polkadot-api/json-rpc-provider-proxy/-/json-rpc-provider-proxy-0.0.1-492c132563ea6b40ae1fc5470dec4cd18768d182.1.0.tgz",
            "integrity": "sha512-0hZ8vtjcsyCX8AyqP2sqUHa1TFFfxGWmlXJkit0Nqp9b32MwZqn5eaUAiV2rNuEpoglKOdKnkGtUF8t5MoodKw==",
            "license": "MIT",
            "optional": true
        },
        "node_modules/@polkadot-api/metadata-builders": {
            "version": "0.0.1-492c132563ea6b40ae1fc5470dec4cd18768d182.1.0",
            "resolved": "https://registry.npmjs.org/@polkadot-api/metadata-builders/-/metadata-builders-0.0.1-492c132563ea6b40ae1fc5470dec4cd18768d182.1.0.tgz",
            "integrity": "sha512-BD7rruxChL1VXt0icC2gD45OtT9ofJlql0qIllHSRYgama1CR2Owt+ApInQxB+lWqM+xNOznZRpj8CXNDvKIMg==",
            "license": "MIT",
            "optional": true,
            "dependencies": {
                "@polkadot-api/substrate-bindings": "0.0.1-492c132563ea6b40ae1fc5470dec4cd18768d182.1.0",
                "@polkadot-api/utils": "0.0.1-492c132563ea6b40ae1fc5470dec4cd18768d182.1.0"
            }
        },
        "node_modules/@polkadot-api/substrate-bindings": {
            "version": "0.0.1-492c132563ea6b40ae1fc5470dec4cd18768d182.1.0",
            "resolved": "https://registry.npmjs.org/@polkadot-api/substrate-bindings/-/substrate-bindings-0.0.1-492c132563ea6b40ae1fc5470dec4cd18768d182.1.0.tgz",
            "integrity": "sha512-N4vdrZopbsw8k57uG58ofO7nLXM4Ai7835XqakN27MkjXMp5H830A1KJE0L9sGQR7ukOCDEIHHcwXVrzmJ/PBg==",
            "license": "MIT",
            "optional": true,
            "dependencies": {
                "@noble/hashes": "^1.3.1",
                "@polkadot-api/utils": "0.0.1-492c132563ea6b40ae1fc5470dec4cd18768d182.1.0",
                "@scure/base": "^1.1.1",
                "scale-ts": "^1.6.0"
            }
        },
        "node_modules/@polkadot-api/substrate-client": {
            "version": "0.0.1-492c132563ea6b40ae1fc5470dec4cd18768d182.1.0",
            "resolved": "https://registry.npmjs.org/@polkadot-api/substrate-client/-/substrate-client-0.0.1-492c132563ea6b40ae1fc5470dec4cd18768d182.1.0.tgz",
            "integrity": "sha512-lcdvd2ssUmB1CPzF8s2dnNOqbrDa+nxaaGbuts+Vo8yjgSKwds2Lo7Oq+imZN4VKW7t9+uaVcKFLMF7PdH0RWw==",
            "license": "MIT",
            "optional": true
        },
        "node_modules/@polkadot-api/utils": {
            "version": "0.0.1-492c132563ea6b40ae1fc5470dec4cd18768d182.1.0",
            "resolved": "https://registry.npmjs.org/@polkadot-api/utils/-/utils-0.0.1-492c132563ea6b40ae1fc5470dec4cd18768d182.1.0.tgz",
            "integrity": "sha512-0CYaCjfLQJTCRCiYvZ81OncHXEKPzAexCMoVloR+v2nl/O2JRya/361MtPkeNLC6XBoaEgLAG9pWQpH3WePzsw==",
            "license": "MIT",
            "optional": true
        },
        "node_modules/@polkadot/api": {
            "version": "10.13.1",
            "resolved": "https://registry.npmjs.org/@polkadot/api/-/api-10.13.1.tgz",
            "integrity": "sha512-YrKWR4TQR5CDyGkF0mloEUo7OsUA+bdtENpJGOtNavzOQUDEbxFE0PVzokzZfVfHhHX2CojPVmtzmmLxztyJkg==",
            "license": "Apache-2.0",
            "dependencies": {
                "@polkadot/api-augment": "10.13.1",
                "@polkadot/api-base": "10.13.1",
                "@polkadot/api-derive": "10.13.1",
                "@polkadot/keyring": "^12.6.2",
                "@polkadot/rpc-augment": "10.13.1",
                "@polkadot/rpc-core": "10.13.1",
                "@polkadot/rpc-provider": "10.13.1",
                "@polkadot/types": "10.13.1",
                "@polkadot/types-augment": "10.13.1",
                "@polkadot/types-codec": "10.13.1",
                "@polkadot/types-create": "10.13.1",
                "@polkadot/types-known": "10.13.1",
                "@polkadot/util": "^12.6.2",
                "@polkadot/util-crypto": "^12.6.2",
                "eventemitter3": "^5.0.1",
                "rxjs": "^7.8.1",
                "tslib": "^2.6.2"
            },
            "engines": {
                "node": ">=18"
            }
        },
        "node_modules/@polkadot/api-augment": {
            "version": "10.13.1",
            "resolved": "https://registry.npmjs.org/@polkadot/api-augment/-/api-augment-10.13.1.tgz",
            "integrity": "sha512-IAKaCp19QxgOG4HKk9RAgUgC/VNVqymZ2GXfMNOZWImZhxRIbrK+raH5vN2MbWwtVHpjxyXvGsd1RRhnohI33A==",
            "license": "Apache-2.0",
            "dependencies": {
                "@polkadot/api-base": "10.13.1",
                "@polkadot/rpc-augment": "10.13.1",
                "@polkadot/types": "10.13.1",
                "@polkadot/types-augment": "10.13.1",
                "@polkadot/types-codec": "10.13.1",
                "@polkadot/util": "^12.6.2",
                "tslib": "^2.6.2"
            },
            "engines": {
                "node": ">=18"
            }
        },
        "node_modules/@polkadot/api-base": {
            "version": "10.13.1",
            "resolved": "https://registry.npmjs.org/@polkadot/api-base/-/api-base-10.13.1.tgz",
            "integrity": "sha512-Okrw5hjtEjqSMOG08J6qqEwlUQujTVClvY1/eZkzKwNzPelWrtV6vqfyJklB7zVhenlxfxqhZKKcY7zWSW/q5Q==",
            "license": "Apache-2.0",
            "dependencies": {
                "@polkadot/rpc-core": "10.13.1",
                "@polkadot/types": "10.13.1",
                "@polkadot/util": "^12.6.2",
                "rxjs": "^7.8.1",
                "tslib": "^2.6.2"
            },
            "engines": {
                "node": ">=18"
            }
        },
        "node_modules/@polkadot/api-derive": {
            "version": "10.13.1",
            "resolved": "https://registry.npmjs.org/@polkadot/api-derive/-/api-derive-10.13.1.tgz",
            "integrity": "sha512-ef0H0GeCZ4q5Om+c61eLLLL29UxFC2/u/k8V1K2JOIU+2wD5LF7sjAoV09CBMKKHfkLenRckVk2ukm4rBqFRpg==",
            "license": "Apache-2.0",
            "dependencies": {
                "@polkadot/api": "10.13.1",
                "@polkadot/api-augment": "10.13.1",
                "@polkadot/api-base": "10.13.1",
                "@polkadot/rpc-core": "10.13.1",
                "@polkadot/types": "10.13.1",
                "@polkadot/types-codec": "10.13.1",
                "@polkadot/util": "^12.6.2",
                "@polkadot/util-crypto": "^12.6.2",
                "rxjs": "^7.8.1",
                "tslib": "^2.6.2"
            },
            "engines": {
                "node": ">=18"
            }
        },
        "node_modules/@polkadot/keyring": {
            "version": "12.6.2",
            "resolved": "https://registry.npmjs.org/@polkadot/keyring/-/keyring-12.6.2.tgz",
            "integrity": "sha512-O3Q7GVmRYm8q7HuB3S0+Yf/q/EB2egKRRU3fv9b3B7V+A52tKzA+vIwEmNVaD1g5FKW9oB97rmpggs0zaKFqHw==",
            "license": "Apache-2.0",
            "dependencies": {
                "@polkadot/util": "12.6.2",
                "@polkadot/util-crypto": "12.6.2",
                "tslib": "^2.6.2"
            },
            "engines": {
                "node": ">=18"
            },
            "peerDependencies": {
                "@polkadot/util": "12.6.2",
                "@polkadot/util-crypto": "12.6.2"
            }
        },
        "node_modules/@polkadot/networks": {
            "version": "12.6.2",
            "resolved": "https://registry.npmjs.org/@polkadot/networks/-/networks-12.6.2.tgz",
            "integrity": "sha512-1oWtZm1IvPWqvMrldVH6NI2gBoCndl5GEwx7lAuQWGr7eNL+6Bdc5K3Z9T0MzFvDGoi2/CBqjX9dRKo39pDC/w==",
            "license": "Apache-2.0",
            "dependencies": {
                "@polkadot/util": "12.6.2",
                "@substrate/ss58-registry": "^1.44.0",
                "tslib": "^2.6.2"
            },
            "engines": {
                "node": ">=18"
            }
        },
        "node_modules/@polkadot/rpc-augment": {
            "version": "10.13.1",
            "resolved": "https://registry.npmjs.org/@polkadot/rpc-augment/-/rpc-augment-10.13.1.tgz",
            "integrity": "sha512-iLsWUW4Jcx3DOdVrSHtN0biwxlHuTs4QN2hjJV0gd0jo7W08SXhWabZIf9mDmvUJIbR7Vk+9amzvegjRyIf5+A==",
            "license": "Apache-2.0",
            "dependencies": {
                "@polkadot/rpc-core": "10.13.1",
                "@polkadot/types": "10.13.1",
                "@polkadot/types-codec": "10.13.1",
                "@polkadot/util": "^12.6.2",
                "tslib": "^2.6.2"
            },
            "engines": {
                "node": ">=18"
            }
        },
        "node_modules/@polkadot/rpc-core": {
            "version": "10.13.1",
            "resolved": "https://registry.npmjs.org/@polkadot/rpc-core/-/rpc-core-10.13.1.tgz",
            "integrity": "sha512-eoejSHa+/tzHm0vwic62/aptTGbph8vaBpbvLIK7gd00+rT813ROz5ckB1CqQBFB23nHRLuzzX/toY8ID3xrKw==",
            "license": "Apache-2.0",
            "dependencies": {
                "@polkadot/rpc-augment": "10.13.1",
                "@polkadot/rpc-provider": "10.13.1",
                "@polkadot/types": "10.13.1",
                "@polkadot/util": "^12.6.2",
                "rxjs": "^7.8.1",
                "tslib": "^2.6.2"
            },
            "engines": {
                "node": ">=18"
            }
        },
        "node_modules/@polkadot/rpc-provider": {
            "version": "10.13.1",
            "resolved": "https://registry.npmjs.org/@polkadot/rpc-provider/-/rpc-provider-10.13.1.tgz",
            "integrity": "sha512-oJ7tatVXYJ0L7NpNiGd69D558HG5y5ZDmH2Bp9Dd4kFTQIiV8A39SlWwWUPCjSsen9lqSvvprNLnG/VHTpenbw==",
            "license": "Apache-2.0",
            "dependencies": {
                "@polkadot/keyring": "^12.6.2",
                "@polkadot/types": "10.13.1",
                "@polkadot/types-support": "10.13.1",
                "@polkadot/util": "^12.6.2",
                "@polkadot/util-crypto": "^12.6.2",
                "@polkadot/x-fetch": "^12.6.2",
                "@polkadot/x-global": "^12.6.2",
                "@polkadot/x-ws": "^12.6.2",
                "eventemitter3": "^5.0.1",
                "mock-socket": "^9.3.1",
                "nock": "^13.5.0",
                "tslib": "^2.6.2"
            },
            "engines": {
                "node": ">=18"
            },
            "optionalDependencies": {
                "@substrate/connect": "0.8.8"
            }
        },
        "node_modules/@polkadot/types": {
            "version": "10.13.1",
            "resolved": "https://registry.npmjs.org/@polkadot/types/-/types-10.13.1.tgz",
            "integrity": "sha512-Hfvg1ZgJlYyzGSAVrDIpp3vullgxrjOlh/CSThd/PI4TTN1qHoPSFm2hs77k3mKkOzg+LrWsLE0P/LP2XddYcw==",
            "license": "Apache-2.0",
            "dependencies": {
                "@polkadot/keyring": "^12.6.2",
                "@polkadot/types-augment": "10.13.1",
                "@polkadot/types-codec": "10.13.1",
                "@polkadot/types-create": "10.13.1",
                "@polkadot/util": "^12.6.2",
                "@polkadot/util-crypto": "^12.6.2",
                "rxjs": "^7.8.1",
                "tslib": "^2.6.2"
            },
            "engines": {
                "node": ">=18"
            }
        },
        "node_modules/@polkadot/types-augment": {
            "version": "10.13.1",
            "resolved": "https://registry.npmjs.org/@polkadot/types-augment/-/types-augment-10.13.1.tgz",
            "integrity": "sha512-TcrLhf95FNFin61qmVgOgayzQB/RqVsSg9thAso1Fh6pX4HSbvI35aGPBAn3SkA6R+9/TmtECirpSNLtIGFn0g==",
            "license": "Apache-2.0",
            "dependencies": {
                "@polkadot/types": "10.13.1",
                "@polkadot/types-codec": "10.13.1",
                "@polkadot/util": "^12.6.2",
                "tslib": "^2.6.2"
            },
            "engines": {
                "node": ">=18"
            }
        },
        "node_modules/@polkadot/types-codec": {
            "version": "10.13.1",
            "resolved": "https://registry.npmjs.org/@polkadot/types-codec/-/types-codec-10.13.1.tgz",
            "integrity": "sha512-AiQ2Vv2lbZVxEdRCN8XSERiWlOWa2cTDLnpAId78EnCtx4HLKYQSd+Jk9Y4BgO35R79mchK4iG+w6gZ+ukG2bg==",
            "license": "Apache-2.0",
            "dependencies": {
                "@polkadot/util": "^12.6.2",
                "@polkadot/x-bigint": "^12.6.2",
                "tslib": "^2.6.2"
            },
            "engines": {
                "node": ">=18"
            }
        },
        "node_modules/@polkadot/types-create": {
            "version": "10.13.1",
            "resolved": "https://registry.npmjs.org/@polkadot/types-create/-/types-create-10.13.1.tgz",
            "integrity": "sha512-Usn1jqrz35SXgCDAqSXy7mnD6j4RvB4wyzTAZipFA6DGmhwyxxIgOzlWQWDb+1PtPKo9vtMzen5IJ+7w5chIeA==",
            "license": "Apache-2.0",
            "dependencies": {
                "@polkadot/types-codec": "10.13.1",
                "@polkadot/util": "^12.6.2",
                "tslib": "^2.6.2"
            },
            "engines": {
                "node": ">=18"
            }
        },
        "node_modules/@polkadot/types-known": {
            "version": "10.13.1",
            "resolved": "https://registry.npmjs.org/@polkadot/types-known/-/types-known-10.13.1.tgz",
            "integrity": "sha512-uHjDW05EavOT5JeU8RbiFWTgPilZ+odsCcuEYIJGmK+es3lk/Qsdns9Zb7U7NJl7eJ6OWmRtyrWsLs+bU+jjIQ==",
            "license": "Apache-2.0",
            "dependencies": {
                "@polkadot/networks": "^12.6.2",
                "@polkadot/types": "10.13.1",
                "@polkadot/types-codec": "10.13.1",
                "@polkadot/types-create": "10.13.1",
                "@polkadot/util": "^12.6.2",
                "tslib": "^2.6.2"
            },
            "engines": {
                "node": ">=18"
            }
        },
        "node_modules/@polkadot/types-support": {
            "version": "10.13.1",
            "resolved": "https://registry.npmjs.org/@polkadot/types-support/-/types-support-10.13.1.tgz",
            "integrity": "sha512-4gEPfz36XRQIY7inKq0HXNVVhR6HvXtm7yrEmuBuhM86LE0lQQBkISUSgR358bdn2OFSLMxMoRNoh3kcDvdGDQ==",
            "license": "Apache-2.0",
            "dependencies": {
                "@polkadot/util": "^12.6.2",
                "tslib": "^2.6.2"
            },
            "engines": {
                "node": ">=18"
            }
        },
        "node_modules/@polkadot/util": {
            "version": "12.6.2",
            "resolved": "https://registry.npmjs.org/@polkadot/util/-/util-12.6.2.tgz",
            "integrity": "sha512-l8TubR7CLEY47240uki0TQzFvtnxFIO7uI/0GoWzpYD/O62EIAMRsuY01N4DuwgKq2ZWD59WhzsLYmA5K6ksdw==",
            "license": "Apache-2.0",
            "dependencies": {
                "@polkadot/x-bigint": "12.6.2",
                "@polkadot/x-global": "12.6.2",
                "@polkadot/x-textdecoder": "12.6.2",
                "@polkadot/x-textencoder": "12.6.2",
                "@types/bn.js": "^5.1.5",
                "bn.js": "^5.2.1",
                "tslib": "^2.6.2"
            },
            "engines": {
                "node": ">=18"
            }
        },
        "node_modules/@polkadot/util-crypto": {
            "version": "12.6.2",
            "resolved": "https://registry.npmjs.org/@polkadot/util-crypto/-/util-crypto-12.6.2.tgz",
            "integrity": "sha512-FEWI/dJ7wDMNN1WOzZAjQoIcCP/3vz3wvAp5QQm+lOrzOLj0iDmaIGIcBkz8HVm3ErfSe/uKP0KS4jgV/ib+Mg==",
            "license": "Apache-2.0",
            "dependencies": {
                "@noble/curves": "^1.3.0",
                "@noble/hashes": "^1.3.3",
                "@polkadot/networks": "12.6.2",
                "@polkadot/util": "12.6.2",
                "@polkadot/wasm-crypto": "^7.3.2",
                "@polkadot/wasm-util": "^7.3.2",
                "@polkadot/x-bigint": "12.6.2",
                "@polkadot/x-randomvalues": "12.6.2",
                "@scure/base": "^1.1.5",
                "tslib": "^2.6.2"
            },
            "engines": {
                "node": ">=18"
            },
            "peerDependencies": {
                "@polkadot/util": "12.6.2"
            }
        },
        "node_modules/@polkadot/wasm-bridge": {
            "version": "7.4.1",
            "resolved": "https://registry.npmjs.org/@polkadot/wasm-bridge/-/wasm-bridge-7.4.1.tgz",
            "integrity": "sha512-tdkJaV453tezBxhF39r4oeG0A39sPKGDJmN81LYLf+Fihb7astzwju+u75BRmDrHZjZIv00un3razJEWCxze6g==",
            "license": "Apache-2.0",
            "dependencies": {
                "@polkadot/wasm-util": "7.4.1",
                "tslib": "^2.7.0"
            },
            "engines": {
                "node": ">=18"
            },
            "peerDependencies": {
                "@polkadot/util": "*",
                "@polkadot/x-randomvalues": "*"
            }
        },
        "node_modules/@polkadot/wasm-crypto": {
            "version": "7.4.1",
            "resolved": "https://registry.npmjs.org/@polkadot/wasm-crypto/-/wasm-crypto-7.4.1.tgz",
            "integrity": "sha512-kHN/kF7hYxm1y0WeFLWeWir6oTzvcFmR4N8fJJokR+ajYbdmrafPN+6iLgQVbhZnDdxyv9jWDuRRsDnBx8tPMQ==",
            "license": "Apache-2.0",
            "dependencies": {
                "@polkadot/wasm-bridge": "7.4.1",
                "@polkadot/wasm-crypto-asmjs": "7.4.1",
                "@polkadot/wasm-crypto-init": "7.4.1",
                "@polkadot/wasm-crypto-wasm": "7.4.1",
                "@polkadot/wasm-util": "7.4.1",
                "tslib": "^2.7.0"
            },
            "engines": {
                "node": ">=18"
            },
            "peerDependencies": {
                "@polkadot/util": "*",
                "@polkadot/x-randomvalues": "*"
            }
        },
        "node_modules/@polkadot/wasm-crypto-asmjs": {
            "version": "7.4.1",
            "resolved": "https://registry.npmjs.org/@polkadot/wasm-crypto-asmjs/-/wasm-crypto-asmjs-7.4.1.tgz",
            "integrity": "sha512-pwU8QXhUW7IberyHJIQr37IhbB6DPkCG5FhozCiNTq4vFBsFPjm9q8aZh7oX1QHQaiAZa2m2/VjIVE+FHGbvHQ==",
            "license": "Apache-2.0",
            "dependencies": {
                "tslib": "^2.7.0"
            },
            "engines": {
                "node": ">=18"
            },
            "peerDependencies": {
                "@polkadot/util": "*"
            }
        },
        "node_modules/@polkadot/wasm-crypto-init": {
            "version": "7.4.1",
            "resolved": "https://registry.npmjs.org/@polkadot/wasm-crypto-init/-/wasm-crypto-init-7.4.1.tgz",
            "integrity": "sha512-AVka33+f7MvXEEIGq5U0dhaA2SaXMXnxVCQyhJTaCnJ5bRDj0Xlm3ijwDEQUiaDql7EikbkkRtmlvs95eSUWYQ==",
            "license": "Apache-2.0",
            "dependencies": {
                "@polkadot/wasm-bridge": "7.4.1",
                "@polkadot/wasm-crypto-asmjs": "7.4.1",
                "@polkadot/wasm-crypto-wasm": "7.4.1",
                "@polkadot/wasm-util": "7.4.1",
                "tslib": "^2.7.0"
            },
            "engines": {
                "node": ">=18"
            },
            "peerDependencies": {
                "@polkadot/util": "*",
                "@polkadot/x-randomvalues": "*"
            }
        },
        "node_modules/@polkadot/wasm-crypto-wasm": {
            "version": "7.4.1",
            "resolved": "https://registry.npmjs.org/@polkadot/wasm-crypto-wasm/-/wasm-crypto-wasm-7.4.1.tgz",
            "integrity": "sha512-PE1OAoupFR0ZOV2O8tr7D1FEUAwaggzxtfs3Aa5gr+yxlSOaWUKeqsOYe1KdrcjmZVV3iINEAXxgrbzCmiuONg==",
            "license": "Apache-2.0",
            "dependencies": {
                "@polkadot/wasm-util": "7.4.1",
                "tslib": "^2.7.0"
            },
            "engines": {
                "node": ">=18"
            },
            "peerDependencies": {
                "@polkadot/util": "*"
            }
        },
        "node_modules/@polkadot/wasm-util": {
            "version": "7.4.1",
            "resolved": "https://registry.npmjs.org/@polkadot/wasm-util/-/wasm-util-7.4.1.tgz",
            "integrity": "sha512-RAcxNFf3zzpkr+LX/ItAsvj+QyM56TomJ0xjUMo4wKkHjwsxkz4dWJtx5knIgQz/OthqSDMR59VNEycQeNuXzA==",
            "license": "Apache-2.0",
            "dependencies": {
                "tslib": "^2.7.0"
            },
            "engines": {
                "node": ">=18"
            },
            "peerDependencies": {
                "@polkadot/util": "*"
            }
        },
        "node_modules/@polkadot/x-bigint": {
            "version": "12.6.2",
            "resolved": "https://registry.npmjs.org/@polkadot/x-bigint/-/x-bigint-12.6.2.tgz",
            "integrity": "sha512-HSIk60uFPX4GOFZSnIF7VYJz7WZA7tpFJsne7SzxOooRwMTWEtw3fUpFy5cYYOeLh17/kHH1Y7SVcuxzVLc74Q==",
            "license": "Apache-2.0",
            "dependencies": {
                "@polkadot/x-global": "12.6.2",
                "tslib": "^2.6.2"
            },
            "engines": {
                "node": ">=18"
            }
        },
        "node_modules/@polkadot/x-fetch": {
            "version": "12.6.2",
            "resolved": "https://registry.npmjs.org/@polkadot/x-fetch/-/x-fetch-12.6.2.tgz",
            "integrity": "sha512-8wM/Z9JJPWN1pzSpU7XxTI1ldj/AfC8hKioBlUahZ8gUiJaOF7K9XEFCrCDLis/A1BoOu7Ne6WMx/vsJJIbDWw==",
            "license": "Apache-2.0",
            "dependencies": {
                "@polkadot/x-global": "12.6.2",
                "node-fetch": "^3.3.2",
                "tslib": "^2.6.2"
            },
            "engines": {
                "node": ">=18"
            }
        },
        "node_modules/@polkadot/x-global": {
            "version": "12.6.2",
            "resolved": "https://registry.npmjs.org/@polkadot/x-global/-/x-global-12.6.2.tgz",
            "integrity": "sha512-a8d6m+PW98jmsYDtAWp88qS4dl8DyqUBsd0S+WgyfSMtpEXu6v9nXDgPZgwF5xdDvXhm+P0ZfVkVTnIGrScb5g==",
            "license": "Apache-2.0",
            "dependencies": {
                "tslib": "^2.6.2"
            },
            "engines": {
                "node": ">=18"
            }
        },
        "node_modules/@polkadot/x-randomvalues": {
            "version": "12.6.2",
            "resolved": "https://registry.npmjs.org/@polkadot/x-randomvalues/-/x-randomvalues-12.6.2.tgz",
            "integrity": "sha512-Vr8uG7rH2IcNJwtyf5ebdODMcr0XjoCpUbI91Zv6AlKVYOGKZlKLYJHIwpTaKKB+7KPWyQrk4Mlym/rS7v9feg==",
            "license": "Apache-2.0",
            "dependencies": {
                "@polkadot/x-global": "12.6.2",
                "tslib": "^2.6.2"
            },
            "engines": {
                "node": ">=18"
            },
            "peerDependencies": {
                "@polkadot/util": "12.6.2",
                "@polkadot/wasm-util": "*"
            }
        },
        "node_modules/@polkadot/x-textdecoder": {
            "version": "12.6.2",
            "resolved": "https://registry.npmjs.org/@polkadot/x-textdecoder/-/x-textdecoder-12.6.2.tgz",
            "integrity": "sha512-M1Bir7tYvNappfpFWXOJcnxUhBUFWkUFIdJSyH0zs5LmFtFdbKAeiDXxSp2Swp5ddOZdZgPac294/o2TnQKN1w==",
            "license": "Apache-2.0",
            "dependencies": {
                "@polkadot/x-global": "12.6.2",
                "tslib": "^2.6.2"
            },
            "engines": {
                "node": ">=18"
            }
        },
        "node_modules/@polkadot/x-textencoder": {
            "version": "12.6.2",
            "resolved": "https://registry.npmjs.org/@polkadot/x-textencoder/-/x-textencoder-12.6.2.tgz",
            "integrity": "sha512-4N+3UVCpI489tUJ6cv3uf0PjOHvgGp9Dl+SZRLgFGt9mvxnvpW/7+XBADRMtlG4xi5gaRK7bgl5bmY6OMDsNdw==",
            "license": "Apache-2.0",
            "dependencies": {
                "@polkadot/x-global": "12.6.2",
                "tslib": "^2.6.2"
            },
            "engines": {
                "node": ">=18"
            }
        },
        "node_modules/@polkadot/x-ws": {
            "version": "12.6.2",
            "resolved": "https://registry.npmjs.org/@polkadot/x-ws/-/x-ws-12.6.2.tgz",
            "integrity": "sha512-cGZWo7K5eRRQCRl2LrcyCYsrc3lRbTlixZh3AzgU8uX4wASVGRlNWi/Hf4TtHNe1ExCDmxabJzdIsABIfrr7xw==",
            "license": "Apache-2.0",
            "dependencies": {
                "@polkadot/x-global": "12.6.2",
                "tslib": "^2.6.2",
                "ws": "^8.15.1"
            },
            "engines": {
                "node": ">=18"
            }
        },
        "node_modules/@scure/base": {
            "version": "1.2.1",
            "resolved": "https://registry.npmjs.org/@scure/base/-/base-1.2.1.tgz",
            "integrity": "sha512-DGmGtC8Tt63J5GfHgfl5CuAXh96VF/LD8K9Hr/Gv0J2lAoRGlPOMpqMpMbCTOoOJMZCk2Xt+DskdDyn6dEFdzQ==",
            "license": "MIT",
            "funding": {
                "url": "https://paulmillr.com/funding/"
            }
        },
        "node_modules/@substrate/connect": {
            "version": "0.8.8",
            "resolved": "https://registry.npmjs.org/@substrate/connect/-/connect-0.8.8.tgz",
            "integrity": "sha512-zwaxuNEVI9bGt0rT8PEJiXOyebLIo6QN1SyiAHRPBOl6g3Sy0KKdSN8Jmyn++oXhVRD8aIe75/V8ZkS81T+BPQ==",
            "deprecated": "versions below 1.x are no longer maintained",
            "license": "GPL-3.0-only",
            "optional": true,
            "dependencies": {
                "@substrate/connect-extension-protocol": "^2.0.0",
                "@substrate/connect-known-chains": "^1.1.1",
                "@substrate/light-client-extension-helpers": "^0.0.4",
                "smoldot": "2.0.22"
            }
        },
        "node_modules/@substrate/connect-extension-protocol": {
            "version": "2.2.1",
            "resolved": "https://registry.npmjs.org/@substrate/connect-extension-protocol/-/connect-extension-protocol-2.2.1.tgz",
            "integrity": "sha512-GoafTgm/Jey9E4Xlj4Z5ZBt/H4drH2CNq8VrAro80rtoznrXnFDNVivLQzZN0Xaj2g8YXSn9pC9Oc9IovYZJXw==",
            "license": "GPL-3.0-only",
            "optional": true
        },
        "node_modules/@substrate/connect-known-chains": {
            "version": "1.8.1",
            "resolved": "https://registry.npmjs.org/@substrate/connect-known-chains/-/connect-known-chains-1.8.1.tgz",
            "integrity": "sha512-WkqXvuLWL1g136nxAoGkclybsVpo8claHeBl/8iA99ECAk4pWLtoCh8PoYrFEE1HfY4rk+A0krPybDlcDa/G4g==",
            "license": "GPL-3.0-only",
            "optional": true
        },
        "node_modules/@substrate/light-client-extension-helpers": {
            "version": "0.0.4",
            "resolved": "https://registry.npmjs.org/@substrate/light-client-extension-helpers/-/light-client-extension-helpers-0.0.4.tgz",
            "integrity": "sha512-vfKcigzL0SpiK+u9sX6dq2lQSDtuFLOxIJx2CKPouPEHIs8C+fpsufn52r19GQn+qDhU8POMPHOVoqLktj8UEA==",
            "license": "MIT",
            "optional": true,
            "dependencies": {
                "@polkadot-api/client": "0.0.1-492c132563ea6b40ae1fc5470dec4cd18768d182.1.0",
                "@polkadot-api/json-rpc-provider": "0.0.1-492c132563ea6b40ae1fc5470dec4cd18768d182.1.0",
                "@polkadot-api/json-rpc-provider-proxy": "0.0.1-492c132563ea6b40ae1fc5470dec4cd18768d182.1.0",
                "@polkadot-api/substrate-client": "0.0.1-492c132563ea6b40ae1fc5470dec4cd18768d182.1.0",
                "@substrate/connect-extension-protocol": "^2.0.0",
                "@substrate/connect-known-chains": "^1.1.1",
                "rxjs": "^7.8.1"
            },
            "peerDependencies": {
                "smoldot": "2.x"
            }
        },
        "node_modules/@substrate/ss58-registry": {
            "version": "1.51.0",
            "resolved": "https://registry.npmjs.org/@substrate/ss58-registry/-/ss58-registry-1.51.0.tgz",
            "integrity": "sha512-TWDurLiPxndFgKjVavCniytBIw+t4ViOi7TYp9h/D0NMmkEc9klFTo+827eyEJ0lELpqO207Ey7uGxUa+BS1jQ==",
            "license": "Apache-2.0"
        },
        "node_modules/@types/bn.js": {
            "version": "5.1.6",
            "resolved": "https://registry.npmjs.org/@types/bn.js/-/bn.js-5.1.6.tgz",
            "integrity": "sha512-Xh8vSwUeMKeYYrj3cX4lGQgFSF/N03r+tv4AiLl1SucqV+uTQpxRcnM8AkXKHwYP9ZPXOYXRr2KPXpVlIvqh9w==",
            "license": "MIT",
            "dependencies": {
                "@types/node": "*"
            }
        },
        "node_modules/@types/node": {
            "version": "22.10.2",
            "resolved": "https://registry.npmjs.org/@types/node/-/node-22.10.2.tgz",
            "integrity": "sha512-Xxr6BBRCAOQixvonOye19wnzyDiUtTeqldOOmj3CkeblonbccA12PFwlufvRdrpjXxqnmUaeiU5EOA+7s5diUQ==",
            "license": "MIT",
            "dependencies": {
                "undici-types": "~6.20.0"
            }
        },
        "node_modules/avail-js-sdk": {
            "version": "0.3.0",
            "resolved": "https://registry.npmjs.org/avail-js-sdk/-/avail-js-sdk-0.3.0.tgz",
            "integrity": "sha512-xZrqRC5xOeFbIaQIaOmF48UtO0qPxEsK15uX2gYm/iDJnXUaiaj+J5ChuTerNLHFzigF/OALRlKXVwRxhOmUPA==",
            "license": "ISC",
            "dependencies": {
                "@polkadot/api": "^10.11.3",
                "neverthrow": "^7.0.0"
            }
        },
        "node_modules/bn.js": {
            "version": "5.2.1",
            "resolved": "https://registry.npmjs.org/bn.js/-/bn.js-5.2.1.tgz",
            "integrity": "sha512-eXRvHzWyYPBuB4NBy0cmYQjGitUrtqwbvlzP3G6VFnNRbsZQIxQ10PbKKHt8gZ/HW/D/747aDl+QkDqg3KQLMQ==",
            "license": "MIT"
        },
        "node_modules/data-uri-to-buffer": {
            "version": "4.0.1",
            "resolved": "https://registry.npmjs.org/data-uri-to-buffer/-/data-uri-to-buffer-4.0.1.tgz",
            "integrity": "sha512-0R9ikRb668HB7QDxT1vkpuUBtqc53YyAwMwGeUFKRojY/NWKvdZ+9UYtRfGmhqNbRkTSVpMbmyhXipFFv2cb/A==",
            "license": "MIT",
            "engines": {
                "node": ">= 12"
            }
        },
        "node_modules/debug": {
            "version": "4.4.0",
            "resolved": "https://registry.npmjs.org/debug/-/debug-4.4.0.tgz",
            "integrity": "sha512-6WTZ/IxCY/T6BALoZHaE4ctp9xm+Z5kY/pzYaCHRFeyVhojxlrm+46y68HA6hr0TcwEssoxNiDEUJQjfPZ/RYA==",
            "license": "MIT",
            "dependencies": {
                "ms": "^2.1.3"
            },
            "engines": {
                "node": ">=6.0"
            },
            "peerDependenciesMeta": {
                "supports-color": {
                    "optional": true
                }
            }
        },
        "node_modules/eventemitter3": {
            "version": "5.0.1",
            "resolved": "https://registry.npmjs.org/eventemitter3/-/eventemitter3-5.0.1.tgz",
            "integrity": "sha512-GWkBvjiSZK87ELrYOSESUYeVIc9mvLLf/nXalMOS5dYrgZq9o5OVkbZAVM06CVxYsCwH9BDZFPlQTlPA1j4ahA==",
            "license": "MIT"
        },
        "node_modules/fetch-blob": {
            "version": "3.2.0",
            "resolved": "https://registry.npmjs.org/fetch-blob/-/fetch-blob-3.2.0.tgz",
            "integrity": "sha512-7yAQpD2UMJzLi1Dqv7qFYnPbaPx7ZfFK6PiIxQ4PfkGPyNyl2Ugx+a/umUonmKqjhM4DnfbMvdX6otXq83soQQ==",
            "funding": [
                {
                    "type": "github",
                    "url": "https://github.com/sponsors/jimmywarting"
                },
                {
                    "type": "paypal",
                    "url": "https://paypal.me/jimmywarting"
                }
            ],
            "license": "MIT",
            "dependencies": {
                "node-domexception": "^1.0.0",
                "web-streams-polyfill": "^3.0.3"
            },
            "engines": {
                "node": "^12.20 || >= 14.13"
            }
        },
        "node_modules/formdata-polyfill": {
            "version": "4.0.10",
            "resolved": "https://registry.npmjs.org/formdata-polyfill/-/formdata-polyfill-4.0.10.tgz",
            "integrity": "sha512-buewHzMvYL29jdeQTVILecSaZKnt/RJWjoZCF5OW60Z67/GmSLBkOFM7qh1PI3zFNtJbaZL5eQu1vLfazOwj4g==",
            "license": "MIT",
            "dependencies": {
                "fetch-blob": "^3.1.2"
            },
            "engines": {
                "node": ">=12.20.0"
            }
        },
        "node_modules/json-stringify-safe": {
            "version": "5.0.1",
            "resolved": "https://registry.npmjs.org/json-stringify-safe/-/json-stringify-safe-5.0.1.tgz",
            "integrity": "sha512-ZClg6AaYvamvYEE82d3Iyd3vSSIjQ+odgjaTzRuO3s7toCdFKczob2i0zCh7JE8kWn17yvAWhUVxvqGwUalsRA==",
            "license": "ISC"
        },
        "node_modules/mock-socket": {
            "version": "9.3.1",
            "resolved": "https://registry.npmjs.org/mock-socket/-/mock-socket-9.3.1.tgz",
            "integrity": "sha512-qxBgB7Qa2sEQgHFjj0dSigq7fX4k6Saisd5Nelwp2q8mlbAFh5dHV9JTTlF8viYJLSSWgMCZFUom8PJcMNBoJw==",
            "license": "MIT",
            "engines": {
                "node": ">= 8"
            }
        },
        "node_modules/ms": {
            "version": "2.1.3",
            "resolved": "https://registry.npmjs.org/ms/-/ms-2.1.3.tgz",
            "integrity": "sha512-6FlzubTLZG3J2a/NVCAleEhjzq5oxgHyaCU9yYXvcLsvoVaHJq/s5xXI6/XXP6tz7R9xAOtHnSO/tXtF3WRTlA==",
            "license": "MIT"
        },
        "node_modules/neverthrow": {
            "version": "7.2.0",
            "resolved": "https://registry.npmjs.org/neverthrow/-/neverthrow-7.2.0.tgz",
            "integrity": "sha512-iGBUfFB7yPczHHtA8dksKTJ9E8TESNTAx1UQWW6TzMF280vo9jdPYpLUXrMN1BCkPdHFdNG3fxOt2CUad8KhAw==",
            "license": "MIT",
            "engines": {
                "node": ">=18"
            }
        },
        "node_modules/nock": {
            "version": "13.5.6",
            "resolved": "https://registry.npmjs.org/nock/-/nock-13.5.6.tgz",
            "integrity": "sha512-o2zOYiCpzRqSzPj0Zt/dQ/DqZeYoaQ7TUonc/xUPjCGl9WeHpNbxgVvOquXYAaJzI0M9BXV3HTzG0p8IUAbBTQ==",
            "license": "MIT",
            "dependencies": {
                "debug": "^4.1.0",
                "json-stringify-safe": "^5.0.1",
                "propagate": "^2.0.0"
            },
            "engines": {
                "node": ">= 10.13"
            }
        },
        "node_modules/node-domexception": {
            "version": "1.0.0",
            "resolved": "https://registry.npmjs.org/node-domexception/-/node-domexception-1.0.0.tgz",
            "integrity": "sha512-/jKZoMpw0F8GRwl4/eLROPA3cfcXtLApP0QzLmUT/HuPCZWyB7IY9ZrMeKw2O/nFIqPQB3PVM9aYm0F312AXDQ==",
            "funding": [
                {
                    "type": "github",
                    "url": "https://github.com/sponsors/jimmywarting"
                },
                {
                    "type": "github",
                    "url": "https://paypal.me/jimmywarting"
                }
            ],
            "license": "MIT",
            "engines": {
                "node": ">=10.5.0"
            }
        },
        "node_modules/node-fetch": {
            "version": "3.3.2",
            "resolved": "https://registry.npmjs.org/node-fetch/-/node-fetch-3.3.2.tgz",
            "integrity": "sha512-dRB78srN/l6gqWulah9SrxeYnxeddIG30+GOqK/9OlLVyLg3HPnr6SqOWTWOXKRwC2eGYCkZ59NNuSgvSrpgOA==",
            "license": "MIT",
            "dependencies": {
                "data-uri-to-buffer": "^4.0.0",
                "fetch-blob": "^3.1.4",
                "formdata-polyfill": "^4.0.10"
            },
            "engines": {
                "node": "^12.20.0 || ^14.13.1 || >=16.0.0"
            },
            "funding": {
                "type": "opencollective",
                "url": "https://opencollective.com/node-fetch"
            }
        },
        "node_modules/propagate": {
            "version": "2.0.1",
            "resolved": "https://registry.npmjs.org/propagate/-/propagate-2.0.1.tgz",
            "integrity": "sha512-vGrhOavPSTz4QVNuBNdcNXePNdNMaO1xj9yBeH1ScQPjk/rhg9sSlCXPhMkFuaNNW/syTvYqsnbIJxMBfRbbag==",
            "license": "MIT",
            "engines": {
                "node": ">= 8"
            }
        },
        "node_modules/rxjs": {
            "version": "7.8.1",
            "resolved": "https://registry.npmjs.org/rxjs/-/rxjs-7.8.1.tgz",
            "integrity": "sha512-AA3TVj+0A2iuIoQkWEK/tqFjBq2j+6PO6Y0zJcvzLAFhEFIO3HL0vls9hWLncZbAAbK0mar7oZ4V079I/qPMxg==",
            "license": "Apache-2.0",
            "dependencies": {
                "tslib": "^2.1.0"
            }
        },
        "node_modules/scale-ts": {
            "version": "1.6.1",
            "resolved": "https://registry.npmjs.org/scale-ts/-/scale-ts-1.6.1.tgz",
            "integrity": "sha512-PBMc2AWc6wSEqJYBDPcyCLUj9/tMKnLX70jLOSndMtcUoLQucP/DM0vnQo1wJAYjTrQiq8iG9rD0q6wFzgjH7g==",
            "license": "MIT",
            "optional": true
        },
        "node_modules/smoldot": {
            "version": "2.0.22",
            "resolved": "https://registry.npmjs.org/smoldot/-/smoldot-2.0.22.tgz",
            "integrity": "sha512-B50vRgTY6v3baYH6uCgL15tfaag5tcS2o/P5q1OiXcKGv1axZDfz2dzzMuIkVpyMR2ug11F6EAtQlmYBQd292g==",
            "license": "GPL-3.0-or-later WITH Classpath-exception-2.0",
            "optional": true,
            "dependencies": {
                "ws": "^8.8.1"
            }
        },
        "node_modules/tslib": {
            "version": "2.8.1",
            "resolved": "https://registry.npmjs.org/tslib/-/tslib-2.8.1.tgz",
            "integrity": "sha512-oJFu94HQb+KVduSUQL7wnpmqnfmLsOA/nAh6b6EH0wCEoK0/mPeXU6c3wKDV83MkOuHPRHtSXKKU99IBazS/2w==",
            "license": "0BSD"
        },
        "node_modules/undici-types": {
            "version": "6.20.0",
            "resolved": "https://registry.npmjs.org/undici-types/-/undici-types-6.20.0.tgz",
            "integrity": "sha512-Ny6QZ2Nju20vw1SRHe3d9jVu6gJ+4e3+MMpqu7pqE5HT6WsTSlce++GQmK5UXS8mzV8DSYHrQH+Xrf2jVcuKNg==",
            "license": "MIT"
        },
        "node_modules/web-streams-polyfill": {
            "version": "3.3.3",
            "resolved": "https://registry.npmjs.org/web-streams-polyfill/-/web-streams-polyfill-3.3.3.tgz",
            "integrity": "sha512-d2JWLCivmZYTSIoge9MsgFCZrt571BikcWGYkjC1khllbTeDlGqZ2D8vD8E/lJa8WGWbb7Plm8/XJYV7IJHZZw==",
            "license": "MIT",
            "engines": {
                "node": ">= 8"
            }
        },
        "node_modules/ws": {
            "version": "8.18.0",
            "resolved": "https://registry.npmjs.org/ws/-/ws-8.18.0.tgz",
            "integrity": "sha512-8VbfWfHLbbwu3+N6OKsOMpBdT4kXPDDB9cJk2bJ6mh9ucxdlnNvH1e+roYkKmN9Nxw2yjz7VzeO9oOz2zJ04Pw==",
            "license": "MIT",
            "engines": {
                "node": ">=10.0.0"
            },
            "peerDependencies": {
                "bufferutil": "^4.0.1",
                "utf-8-validate": ">=5.0.2"
            },
            "peerDependenciesMeta": {
                "bufferutil": {
                    "optional": true
                },
                "utf-8-validate": {
                    "optional": true
                }
            }
        }
    }
}
